
Microsoft Visual Studio Solution File, Format Version 12.00
# Visual Studio 2013
VisualStudioVersion = 12.0.31101.0
MinimumVisualStudioVersion = 10.0.40219.1
Project("{FAE04EC0-301F-11D3-BF4B-00C04F79EFBC}") = "SpeechRecognition", "SpeechRecognition\SpeechRecognition.csproj", "{9386457D-CEA1-4FE2-B67C-2D7B1B485CAE}"
EndProject
Project("{2150E333-8FDC-42A3-9474-1A3956D46DE8}") = "Solution Items", "Solution Items", "{A8900E05-18DA-449A-913A-C0CDDFA0DB60}"
	ProjectSection(SolutionItems) = preProject
		README.md = README.md
	EndProjectSection
EndProject
Global
	GlobalSection(SolutionConfigurationPlatforms) = preSolution
		Debug|x86 = Debug|x86
		Release|x86 = Release|x86
	EndGlobalSection
	GlobalSection(ProjectConfigurationPlatforms) = postSolution
		{9386457D-CEA1-4FE2-B67C-2D7B1B485CAE}.Debug|x86.ActiveCfg = Debug|x86
		{9386457D-CEA1-4FE2-B67C-2D7B1B485CAE}.Debug|x86.Build.0 = Debug|x86
		{9386457D-CEA1-4FE2-B67C-2D7B1B485CAE}.Release|x86.ActiveCfg = Release|x86
		{9386457D-CEA1-4FE2-B67C-2D7B1B485CAE}.Release|x86.Build.0 = Release|x86
	EndGlobalSection
	GlobalSection(SolutionProperties) = preSolution
		HideSolutionNode = FALSE
	EndGlobalSection
EndGlobal
